// !$*UTF8*$!
{
	archiveVersion = 1;
	classes = {
	};
	objectVersion = 50;
	objects = {

/* Begin PBXBuildFile section */
		42A11EB120C6662A0009C27B /* DDPhotoPicker.bundle in Resources */ = {isa = PBXBuildFile; fileRef = 42A11EB020C6662A0009C27B /* DDPhotoPicker.bundle */; };
		42A11EB620C666500009C27B /* DDPhotoPickerMaskView.m in Sources */ = {isa = PBXBuildFile; fileRef = 42A11EB220C666500009C27B /* DDPhotoPickerMaskView.m */; };
		42A11EB720C666500009C27B /* DDPhotoPickerController.m in Sources */ = {isa = PBXBuildFile; fileRef = 42A11EB320C666500009C27B /* DDPhotoPickerController.m */; };
		42E368E32088687500D5EA11 /* AppDelegate.m in Sources */ = {isa = PBXBuildFile; fileRef = 42E368E22088687500D5EA11 /* AppDelegate.m */; };
		42E368E62088687500D5EA11 /* ViewController.m in Sources */ = {isa = PBXBuildFile; fileRef = 42E368E52088687500D5EA11 /* ViewController.m */; };
		42E368E92088687500D5EA11 /* Main.storyboard in Resources */ = {isa = PBXBuildFile; fileRef = 42E368E72088687500D5EA11 /* Main.storyboard */; };
		42E368EB2088687600D5EA11 /* Assets.xcassets in Resources */ = {isa = PBXBuildFile; fileRef = 42E368EA2088687600D5EA11 /* Assets.xcassets */; };
		42E368EE2088687600D5EA11 /* LaunchScreen.storyboard in Resources */ = {isa = PBXBuildFile; fileRef = 42E368EC2088687600D5EA11 /* LaunchScreen.storyboard */; };
		42E368F12088687600D5EA11 /* main.m in Sources */ = {isa = PBXBuildFile; fileRef = 42E368F02088687600D5EA11 /* main.m */; };
		42E368FA208868BD00D5EA11 /* DDPhotoPicker.m in Sources */ = {isa = PBXBuildFile; fileRef = 42E368F9208868BD00D5EA11 /* DDPhotoPicker.m */; };
/* End PBXBuildFile section */

/* Begin PBXFileReference section */
		42A11EB020C6662A0009C27B /* DDPhotoPicker.bundle */ = {isa = PBXFileReference; lastKnownFileType = "wrapper.plug-in"; path = DDPhotoPicker.bundle; sourceTree = "<group>"; };
		42A11EB220C666500009C27B /* DDPhotoPickerMaskView.m */ = {isa = PBXFileReference; fileEncoding = 4; lastKnownFileType = sourcecode.c.objc; path = DDPhotoPickerMaskView.m; sourceTree = "<group>"; };
		42A11EB320C666500009C27B /* DDPhotoPickerController.m */ = {isa = PBXFileReference; fileEncoding = 4; lastKnownFileType = sourcecode.c.objc; path = DDPhotoPickerController.m; sourceTree = "<group>"; };
		42A11EB420C666500009C27B /* DDPhotoPickerController.h */ = {isa = PBXFileReference; fileEncoding = 4; lastKnownFileType = sourcecode.c.h; path = DDPhotoPickerController.h; sourceTree = "<group>"; };
		42A11EB520C666500009C27B /* DDPhotoPickerMaskView.h */ = {isa = PBXFileReference; fileEncoding = 4; lastKnownFileType = sourcecode.c.h; path = DDPhotoPickerMaskView.h; sourceTree = "<group>"; };
		42E368DE2088687500D5EA11 /* DDPhotoPicker.app */ = {isa = PBXFileReference; explicitFileType = wrapper.application; includeInIndex = 0; path = DDPhotoPicker.app; sourceTree = BUILT_PRODUCTS_DIR; };
		42E368E12088687500D5EA11 /* AppDelegate.h */ = {isa = PBXFileReference; lastKnownFileType = sourcecode.c.h; path = AppDelegate.h; sourceTree = "<group>"; };
		42E368E22088687500D5EA11 /* AppDelegate.m */ = {isa = PBXFileReference; lastKnownFileType = sourcecode.c.objc; path = AppDelegate.m; sourceTree = "<group>"; };
		42E368E42088687500D5EA11 /* ViewController.h */ = {isa = PBXFileReference; lastKnownFileType = sourcecode.c.h; path = ViewController.h; sourceTree = "<group>"; };
		42E368E52088687500D5EA11 /* ViewController.m */ = {isa = PBXFileReference; lastKnownFileType = sourcecode.c.objc; path = ViewController.m; sourceTree = "<group>"; };
		42E368E82088687500D5EA11 /* Base */ = {isa = PBXFileReference; lastKnownFileType = file.storyboard; name = Base; path = Base.lproj/Main.storyboard; sourceTree = "<group>"; };
		42E368EA2088687600D5EA11 /* Assets.xcassets */ = {isa = PBXFileReference; lastKnownFileType = folder.assetcatalog; path = Assets.xcassets; sourceTree = "<group>"; };
		42E368ED2088687600D5EA11 /* Base */ = {isa = PBXFileReference; lastKnownFileType = file.storyboard; name = Base; path = Base.lproj/LaunchScreen.storyboard; sourceTree = "<group>"; };
		42E368EF2088687600D5EA11 /* Info.plist */ = {isa = PBXFileReference; lastKnownFileType = text.plist.xml; path = Info.plist; sourceTree = "<group>"; };
		42E368F02088687600D5EA11 /* main.m */ = {isa = PBXFileReference; lastKnownFileType = sourcecode.c.objc; path = main.m; sourceTree = "<group>"; };
		42E368F8208868BD00D5EA11 /* DDPhotoPicker.h */ = {isa = PBXFileReference; lastKnownFileType = sourcecode.c.h; path = DDPhotoPicker.h; sourceTree = "<group>"; };
		42E368F9208868BD00D5EA11 /* DDPhotoPicker.m */ = {isa = PBXFileReference; lastKnownFileType = sourcecode.c.objc; path = DDPhotoPicker.m; sourceTree = "<group>"; };
/* End PBXFileReference section */

/* Begin PBXFrameworksBuildPhase section */
		42E368DB2088687500D5EA11 /* Frameworks */ = {
			isa = PBXFrameworksBuildPhase;
			buildActionMask = 2147483647;
			files = (
			);
			runOnlyForDeploymentPostprocessing = 0;
		};
/* End PBXFrameworksBuildPhase section */

/* Begin PBXGroup section */
		42A11EAF20C6662A0009C27B /* Resources */ = {
			isa = PBXGroup;
			children = (
				42A11EB020C6662A0009C27B /* DDPhotoPicker.bundle */,
			);
			path = Resources;
			sourceTree = "<group>";
		};
		42E368D52088687500D5EA11 = {
			isa = PBXGroup;
			children = (
				42E368E02088687500D5EA11 /* DDPhotoPicker */,
				42E368DF2088687500D5EA11 /* Products */,
			);
			sourceTree = "<group>";
		};
		42E368DF2088687500D5EA11 /* Products */ = {
			isa = PBXGroup;
			children = (
				42E368DE2088687500D5EA11 /* DDPhotoPicker.app */,
			);
			name = Products;
			sourceTree = "<group>";
		};
		42E368E02088687500D5EA11 /* DDPhotoPicker */ = {
			isa = PBXGroup;
			children = (
				42A11EAF20C6662A0009C27B /* Resources */,
				42E368F72088688500D5EA11 /* Classes */,
				42E368E12088687500D5EA11 /* AppDelegate.h */,
				42E368E22088687500D5EA11 /* AppDelegate.m */,
				42E368E42088687500D5EA11 /* ViewController.h */,
				42E368E52088687500D5EA11 /* ViewController.m */,
				42E368E72088687500D5EA11 /* Main.storyboard */,
				42E368EA2088687600D5EA11 /* Assets.xcassets */,
				42E368EC2088687600D5EA11 /* LaunchScreen.storyboard */,
				42E368EF2088687600D5EA11 /* Info.plist */,
				42E368F02088687600D5EA11 /* main.m */,
			);
			path = DDPhotoPicker;
			sourceTree = "<group>";
		};
		42E368F72088688500D5EA11 /* Classes */ = {
			isa = PBXGroup;
			children = (
				42A11EB520C666500009C27B /* DDPhotoPickerMaskView.h */,
				42A11EB220C666500009C27B /* DDPhotoPickerMaskView.m */,
				42A11EB420C666500009C27B /* DDPhotoPickerController.h */,
				42A11EB320C666500009C27B /* DDPhotoPickerController.m */,
				42E368F8208868BD00D5EA11 /* DDPhotoPicker.h */,
				42E368F9208868BD00D5EA11 /* DDPhotoPicker.m */,
			);
			path = Classes;
			sourceTree = "<group>";
		};
/* End PBXGroup section */

/* Begin PBXNativeTarget section */
		42E368DD2088687500D5EA11 /* DDPhotoPicker */ = {
			isa = PBXNativeTarget;
			buildConfigurationList = 42E368F42088687600D5EA11 /* Build configuration list for PBXNativeTarget "DDPhotoPicker" */;
			buildPhases = (
				42E368DA2088687500D5EA11 /* Sources */,
				42E368DB2088687500D5EA11 /* Frameworks */,
				42E368DC2088687500D5EA11 /* Resources */,
			);
			buildRules = (
			);
			dependencies = (
			);
			name = DDPhotoPicker;
			productName = DDPhotoPicker;
			productReference = 42E368DE2088687500D5EA11 /* DDPhotoPicker.app */;
			productType = "com.apple.product-type.application";
		};
/* End PBXNativeTarget section */

/* Begin PBXProject section */
		42E368D62088687500D5EA11 /* Project object */ = {
			isa = PBXProject;
			attributes = {
				LastUpgradeCheck = 0930;
				ORGANIZATIONNAME = "陈丁丁";
				TargetAttributes = {
					42E368DD2088687500D5EA11 = {
						CreatedOnToolsVersion = 9.3;
					};
				};
			};
			buildConfigurationList = 42E368D92088687500D5EA11 /* Build configuration list for PBXProject "DDPhotoPicker" */;
			compatibilityVersion = "Xcode 9.3";
			developmentRegion = en;
			hasScannedForEncodings = 0;
			knownRegions = (
				en,
				Base,
			);
			mainGroup = 42E368D52088687500D5EA11;
			productRefGroup = 42E368DF2088687500D5EA11 /* Products */;
			projectDirPath = "";
			projectRoot = "";
			targets = (
				42E368DD2088687500D5EA11 /* DDPhotoPicker */,
			);
		};
/* End PBXProject section */

/* Begin PBXResourcesBuildPhase section */
		42E368DC2088687500D5EA11 /* Resources */ = {
			isa = PBXResourcesBuildPhase;
			buildActionMask = 2147483647;
			files = (
				42A11EB120C6662A0009C27B /* DDPhotoPicker.bundle in Resources */,
				42E368EE2088687600D5EA11 /* LaunchScreen.storyboard in Resources */,
				42E368EB2088687600D5EA11 /* Assets.xcassets in Resources */,
				42E368E92088687500D5EA11 /* Main.storyboard in Resources */,
			);
			runOnlyForDeploymentPostprocessing = 0;
		};
/* End PBXResourcesBuildPhase section */

/* Begin PBXSourcesBuildPhase section */
		42E368DA2088687500D5EA11 /* Sources */ = {
			isa = PBXSourcesBuildPhase;
			buildActionMask = 2147483647;
			files = (
				42A11EB720C666500009C27B /* DDPhotoPickerController.m in Sources */,
				42A11EB620C666500009C27B /* DDPhotoPickerMaskView.m in Sources */,
				42E368E62088687500D5EA11 /* ViewController.m in Sources */,
				42E368F12088687600D5EA11 /* main.m in Sources */,
				42E368FA208868BD00D5EA11 /* DDPhotoPicker.m in Sources */,
				42E368E32088687500D5EA11 /* AppDelegate.m in Sources */,
			);
			runOnlyForDeploymentPostprocessing = 0;
		};
/* End PBXSourcesBuildPhase section */

/* Begin PBXVariantGroup section */
		42E368E72088687500D5EA11 /* Main.storyboard */ = {
			isa = PBXVariantGroup;
			children = (
				42E368E82088687500D5EA11 /* Base */,
			);
			name = Main.storyboard;
			sourceTree = "<group>";
		};
		42E368EC2088687600D5EA11 /* LaunchScreen.storyboard */ = {
			isa = PBXVariantGroup;
			children = (
				42E368ED2088687600D5EA11 /* Base */,
			);
			name = LaunchScreen.storyboard;
			sourceTree = "<group>";
		};
/* End PBXVariantGroup section */

/* Begin XCBuildConfiguration section */
		42E368F22088687600D5EA11 /* Debug */ = {
			isa = XCBuildConfiguration;
			buildSettings = {
				ALWAYS_SEARCH_USER_PATHS = NO;
				CLANG_ANALYZER_NONNULL = YES;
				CLANG_ANALYZER_NUMBER_OBJECT_CONVERSION = YES_AGGRESSIVE;
				CLANG_CXX_LANGUAGE_STANDARD = "gnu++14";
				CLANG_CXX_LIBRARY = "libc++";
				CLANG_ENABLE_MODULES = YES;
				CLANG_ENABLE_OBJC_ARC = YES;
				CLANG_ENABLE_OBJC_WEAK = YES;
				CLANG_WARN_BLOCK_CAPTURE_AUTORELEASING = YES;
				CLANG_WARN_BOOL_CONVERSION = YES;
				CLANG_WARN_COMMA = YES;
				CLANG_WARN_CONSTANT_CONVERSION = YES;
				CLANG_WARN_DEPRECATED_OBJC_IMPLEMENTATIONS = YES;
				CLANG_WARN_DIRECT_OBJC_ISA_USAGE = YES_ERROR;
				CLANG_WARN_DOCUMENTATION_COMMENTS = YES;
				CLANG_WARN_EMPTY_BODY = YES;
				CLANG_WARN_ENUM_CONVERSION = YES;
				CLANG_WARN_INFINITE_RECURSION = YES;
				CLANG_WARN_INT_CONVERSION = YES;
				CLANG_WARN_NON_LITERAL_NULL_CONVERSION = YES;
				CLANG_WARN_OBJC_IMPLICIT_RETAIN_SELF = YES;
				CLANG_WARN_OBJC_LITERAL_CONVERSION = YES;
				CLANG_WARN_OBJC_ROOT_CLASS = YES_ERROR;
				CLANG_WARN_RANGE_LOOP_ANALYSIS = YES;
				CLANG_WARN_STRICT_PROTOTYPES = YES;
				CLANG_WARN_SUSPICIOUS_MOVE = YES;
				CLANG_WARN_UNGUARDED_AVAILABILITY = YES_AGGRESSIVE;
				CLANG_WARN_UNREACHABLE_CODE = YES;
				CLANG_WARN__DUPLICATE_METHOD_MATCH = YES;
				CODE_SIGN_IDENTITY = "iPhone Developer";
				COPY_PHASE_STRIP = NO;
				DEBUG_INFORMATION_FORMAT = dwarf;
				ENABLE_STRICT_OBJC_MSGSEND = YES;
				ENABLE_TESTABILITY = YES;
				GCC_C_LANGUAGE_STANDARD = gnu11;
				GCC_DYNAMIC_NO_PIC = NO;
				GCC_NO_COMMON_BLOCKS = YES;
				GCC_OPTIMIZATION_LEVEL = 0;
				GCC_PREPROCESSOR_DEFINITIONS = (
					"DEBUG=1",
					"$(inherited)",
				);
				GCC_WARN_64_TO_32_BIT_CONVERSION = YES;
				GCC_WARN_ABOUT_RETURN_TYPE = YES_ERROR;
				GCC_WARN_UNDECLARED_SELECTOR = YES;
				GCC_WARN_UNINITIALIZED_AUTOS = YES_AGGRESSIVE;
				GCC_WARN_UNUSED_FUNCTION = YES;
				GCC_WARN_UNUSED_VARIABLE = YES;
				IPHONEOS_DEPLOYMENT_TARGET = 11.3;
				MTL_ENABLE_DEBUG_INFO = YES;
				ONLY_ACTIVE_ARCH = YES;
				SDKROOT = iphoneos;
			};
			name = Debug;
		};
		42E368F32088687600D5EA11 /* Release */ = {
			isa = XCBuildConfiguration;
			buildSettings = {
				ALWAYS_SEARCH_USER_PATHS = NO;
				CLANG_ANALYZER_NONNULL = YES;
				CLANG_ANALYZER_NUMBER_OBJECT_CONVERSION = YES_AGGRESSIVE;
				CLANG_CXX_LANGUAGE_STANDARD = "gnu++14";
				CLANG_CXX_LIBRARY = "libc++";
				CLANG_ENABLE_MODULES = YES;
				CLANG_ENABLE_OBJC_ARC = YES;
				CLANG_ENABLE_OBJC_WEAK = YES;
				CLANG_WARN_BLOCK_CAPTURE_AUTORELEASING = YES;
				CLANG_WARN_BOOL_CONVERSION = YES;
				CLANG_WARN_COMMA = YES;
				CLANG_WARN_CONSTANT_CONVERSION = YES;
				CLANG_WARN_DEPRECATED_OBJC_IMPLEMENTATIONS = YES;
				CLANG_WARN_DIRECT_OBJC_ISA_USAGE = YES_ERROR;
				CLANG_WARN_DOCUMENTATION_COMMENTS = YES;
				CLANG_WARN_EMPTY_BODY = YES;
				CLANG_WARN_ENUM_CONVERSION = YES;
				CLANG_WARN_INFINITE_RECURSION = YES;
				CLANG_WARN_INT_CONVERSION = YES;
				CLANG_WARN_NON_LITERAL_NULL_CONVERSION = YES;
				CLANG_WARN_OBJC_IMPLICIT_RETAIN_SELF = YES;
				CLANG_WARN_OBJC_LITERAL_CONVERSION = YES;
				CLANG_WARN_OBJC_ROOT_CLASS = YES_ERROR;
				CLANG_WARN_RANGE_LOOP_ANALYSIS = YES;
				CLANG_WARN_STRICT_PROTOTYPES = YES;
				CLANG_WARN_SUSPICIOUS_MOVE = YES;
				CLANG_WARN_UNGUARDED_AVAILABILITY = YES_AGGRESSIVE;
				CLANG_WARN_UNREACHABLE_CODE = YES;
				CLANG_WARN__DUPLICATE_METHOD_MATCH = YES;
				CODE_SIGN_IDENTITY = "iPhone Developer";
				COPY_PHASE_STRIP = NO;
				DEBUG_INFORMATION_FORMAT = "dwarf-with-dsym";
				ENABLE_NS_ASSERTIONS = NO;
				ENABLE_STRICT_OBJC_MSGSEND = YES;
				GCC_C_LANGUAGE_STANDARD = gnu11;
				GCC_NO_COMMON_BLOCKS = YES;
				GCC_WARN_64_TO_32_BIT_CONVERSION = YES;
				GCC_WARN_ABOUT_RETURN_TYPE = YES_ERROR;
				GCC_WARN_UNDECLARED_SELECTOR = YES;
				GCC_WARN_UNINITIALIZED_AUTOS = YES_AGGRESSIVE;
				GCC_WARN_UNUSED_FUNCTION = YES;
				GCC_WARN_UNUSED_VARIABLE = YES;
				IPHONEOS_DEPLOYMENT_TARGET = 11.3;
				MTL_ENABLE_DEBUG_INFO = NO;
				SDKROOT = iphoneos;
				VALIDATE_PRODUCT = YES;
			};
			name = Release;
		};
		42E368F52088687600D5EA11 /* Debug */ = {
			isa = XCBuildConfiguration;
			buildSettings = {
				ASSETCATALOG_COMPILER_APPICON_NAME = AppIcon;
				CODE_SIGN_STYLE = Manual;
				DEVELOPMENT_TEAM = N527YWY4A8;
				INFOPLIST_FILE = DDPhotoPicker/Info.plist;
				IPHONEOS_DEPLOYMENT_TARGET = 8.0;
				LD_RUNPATH_SEARCH_PATHS = (
					"$(inherited)",
					"@executable_path/Frameworks",
				);
				PRODUCT_BUNDLE_IDENTIFIER = com.paytube.DDPhotoPicker;
				PRODUCT_NAME = "$(TARGET_NAME)";
				PROVISIONING_PROFILE = "83f465f9-ec14-4646-a723-1026e3b03d01";
				PROVISIONING_PROFILE_SPECIFIER = AllApp;
				TARGETED_DEVICE_FAMILY = "1,2";
			};
			name = Debug;
		};
		42E368F62088687600D5EA11 /* Release */ = {
			isa = XCBuildConfiguration;
			buildSettings = {
				ASSETCATALOG_COMPILER_APPICON_NAME = AppIcon;
				CODE_SIGN_IDENTITY = "iPhone Distribution";
				CODE_SIGN_STYLE = Manual;
				DEVELOPMENT_TEAM = N527YWY4A8;
				INFOPLIST_FILE = DDPhotoPicker/Info.plist;
				IPHONEOS_DEPLOYMENT_TARGET = 8.0;
				LD_RUNPATH_SEARCH_PATHS = (
					"$(inherited)",
					"@executable_path/Frameworks",
				);
				PRODUCT_BUNDLE_IDENTIFIER = com.paytube.DDPhotoPicker;
				PRODUCT_NAME = "$(TARGET_NAME)";
				PROVISIONING_PROFILE = "62717c8c-7de9-4656-828e-8dd746cd3909";
				PROVISIONING_PROFILE_SPECIFIER = AllAppAdHoc;
				TARGETED_DEVICE_FAMILY = "1,2";
			};
			name = Release;
		};
/* End XCBuildConfiguration section */

/* Begin XCConfigurationList section */
		42E368D92088687500D5EA11 /* Build configuration list for PBXProject "DDPhotoPicker" */ = {
			isa = XCConfigurationList;
			buildConfigurations = (
				42E368F22088687600D5EA11 /* Debug */,
				42E368F32088687600D5EA11 /* Release */,
			);
			defaultConfigurationIsVisible = 0;
			defaultConfigurationName = Release;
		};
		42E368F42088687600D5EA11 /* Build configuration list for PBXNativeTarget "DDPhotoPicker" */ = {
			isa = XCConfigurationList;
			buildConfigurations = (
				42E368F52088687600D5EA11 /* Debug */,
				42E368F62088687600D5EA11 /* Release */,
			);
			defaultConfigurationIsVisible = 0;
			defaultConfigurationName = Release;
		};
/* End XCConfigurationList section */
	};
	rootObject = 42E368D62088687500D5EA11 /* Project object */;
}
